{
  "name": "rollup-analyzer",
  "version": "1.0.3",
  "lockfileVersion": 1,
  "requires": true,
  "dependencies": {
    "ci-info": {
      "version": "1.0.0",
      "resolved": "https://registry.npmjs.org/ci-info/-/ci-info-1.0.0.tgz",
      "integrity": "sha1-3FKF8rTiUYIWg2gcOBwziPRuxTQ=",
      "dev": true
    },
    "husky": {
      "version": "0.14.3",
      "resolved": "https://registry.npmjs.org/husky/-/husky-0.14.3.tgz",
      "integrity": "sha512-e21wivqHpstpoiWA/Yi8eFti8E+sQDSS53cpJsPptPs295QTOQR0ZwnHo2TXy1XOpZFD9rPOd3NpmqTK6uMLJA==",
      "dev": true,
      "requires": {
        "is-ci": "1.0.10",
        "normalize-path": "1.0.0",
        "strip-indent": "2.0.0"
      }
    },
    "is-ci": {
      "version": "1.0.10",
      "resolved": "https://registry.npmjs.org/is-ci/-/is-ci-1.0.10.tgz",
      "integrity": "sha1-9zkzayYyNlBhqdSCcM1WrjNpMY4=",
      "dev": true,
      "requires": {
        "ci-info": "1.0.0"
      }
    },
    "normalize-path": {
      "version": "1.0.0",
      "resolved": "https://registry.npmjs.org/normalize-path/-/normalize-path-1.0.0.tgz",
      "integrity": "sha1-MtDkcvkf80VwHBWoMRAY07CpA3k=",
      "dev": true
    },
    "rollup": {
      "version": "0.47.6",
      "resolved": "https://registry.npmjs.org/rollup/-/rollup-0.47.6.tgz",
      "integrity": "sha512-bH3eWh7MzbiKTQcHQN7Ievqbs/yY7T+ZcJYboBYkp7BkRlAr2DXHPfiqlvlEH/M95giEBpinHEi/s9CVIgYT6w==",
      "dev": true
    },
    "rollup-analyzer": {
      "version": "1.0.2",
      "resolved": "https://registry.npmjs.org/rollup-analyzer/-/rollup-analyzer-1.0.2.tgz",
      "integrity": "sha1-qguXpaT6YWhqERsTP5z0p5hcXKY=",
      "dev": true
    },
    "rollup-analyzer-plugin": {
      "version": "1.0.0",
      "resolved": "https://registry.npmjs.org/rollup-analyzer-plugin/-/rollup-analyzer-plugin-1.0.0.tgz",
      "integrity": "sha512-kx0YfDpCT5vbWQyYm1CA0AQmlMVWLQ7YxFmfXsetXl5hYvti5bGgBm60KLzVSUaTiEiC30i11KA2Serbo4v+BA==",
      "dev": true,
      "requires": {
        "rollup-analyzer": "1.0.2"
      }
    },
    "strip-indent": {
      "version": "2.0.0",
      "resolved": "https://registry.npmjs.org/strip-indent/-/strip-indent-2.0.0.tgz",
      "integrity": "sha1-XvjbKV0B5u1sv3qrlpmNeCJSe2g=",
      "dev": true
    }
  }
}
